
Microsoft Visual Studio Solution File, Format Version 12.00
# Visual Studio Version 17
VisualStudioVersion = 17.6.33829.357
MinimumVisualStudioVersion = 10.0.40219.1
Project("{FAE04EC0-301F-11D3-BF4B-00C04F79EFBC}") = "A03_Sockets", "A03_Sockets\A03_Sockets.csproj", "{D022C30C-C6B4-45ED-B81B-0FFFAD0152B7}"
EndProject
Project("{FAE04EC0-301F-11D3-BF4B-00C04F79EFBC}") = "TheServer", "TheServer\TheServer.csproj", "{BFDF54E3-4F19-4886-AA9B-6D7990FDCFDA}"
EndProject
Global
	GlobalSection(SolutionConfigurationPlatforms) = preSolution
		Debug|Any CPU = Debug|Any CPU
		Release|Any CPU = Release|Any CPU
	EndGlobalSection
	GlobalSection(ProjectConfigurationPlatforms) = postSolution
		{D022C30C-C6B4-45ED-B81B-0FFFAD0152B7}.Debug|Any CPU.ActiveCfg = Debug|Any CPU
		{D022C30C-C6B4-45ED-B81B-0FFFAD0152B7}.Debug|Any CPU.Build.0 = Debug|Any CPU
		{D022C30C-C6B4-45ED-B81B-0FFFAD0152B7}.Release|Any CPU.ActiveCfg = Release|Any CPU
		{D022C30C-C6B4-45ED-B81B-0FFFAD0152B7}.Release|Any CPU.Build.0 = Release|Any CPU
		{BFDF54E3-4F19-4886-AA9B-6D7990FDCFDA}.Debug|Any CPU.ActiveCfg = Debug|Any CPU
		{BFDF54E3-4F19-4886-AA9B-6D7990FDCFDA}.Debug|Any CPU.Build.0 = Debug|Any CPU
		{BFDF54E3-4F19-4886-AA9B-6D7990FDCFDA}.Release|Any CPU.ActiveCfg = Release|Any CPU
		{BFDF54E3-4F19-4886-AA9B-6D7990FDCFDA}.Release|Any CPU.Build.0 = Release|Any CPU
	EndGlobalSection
	GlobalSection(SolutionProperties) = preSolution
		HideSolutionNode = FALSE
	EndGlobalSection
	GlobalSection(ExtensibilityGlobals) = postSolution
		SolutionGuid = {519B711A-A915-4013-9778-EA233F10A7EF}
	EndGlobalSection
EndGlobal
